
Microsoft Visual Studio Solution File, Format Version 12.00
# Visual Studio 15
VisualStudioVersion = 15.0.26124.0
MinimumVisualStudioVersion = 15.0.26124.0
Project("{FAE04EC0-301F-11D3-BF4B-00C04F79EFBC}") = "tss-process-api", "tss-process-api\tss-process-api.csproj", "{33A24657-CBB8-4DD2-8CD9-7588CD84F2C5}"
EndProject
Project("{FAE04EC0-301F-11D3-BF4B-00C04F79EFBC}") = "tss-process-core", "tss-process-core\tss-process-core.csproj", "{4957EC92-52DB-4656-B157-3AA9B6B09F39}"
EndProject
Project("{2150E333-8FDC-42A3-9474-1A3956D46DE8}") = "tests", "tests", "{ADAA41F2-BB14-49A8-B78E-4133A700EDDF}"
EndProject
Project("{FAE04EC0-301F-11D3-BF4B-00C04F79EFBC}") = "tss-process-core-test", "tests\tss-process-core-test\tss-process-core-test.csproj", "{E78CB412-0E62-4C78-9608-1E66BB1DBCBF}"
EndProject
Project("{FAE04EC0-301F-11D3-BF4B-00C04F79EFBC}") = "tss-process-step-server", "tss-process-step-server\tss-process-step-server.csproj", "{4F795D8F-4BCD-4123-B827-914C2639B9B4}"
EndProject
Project("{FAE04EC0-301F-11D3-BF4B-00C04F79EFBC}") = "tss-process-data", "tss-process-data\tss-process-data.csproj", "{C0406AB9-BDC8-488B-93F9-BF8E5680B361}"
EndProject
Project("{FAE04EC0-301F-11D3-BF4B-00C04F79EFBC}") = "tss-process-contracts", "tss-process-contracts\tss-process-contracts.csproj", "{5D130A22-E9E6-4C36-A027-97657E32A830}"
EndProject
Project("{FAE04EC0-301F-11D3-BF4B-00C04F79EFBC}") = "tss-process-step-server-core", "tss-process-step-server-core\tss-process-step-server-core.csproj", "{99E31784-B24D-49A3-BAE1-B59FEFECC971}"
EndProject
Project("{FAE04EC0-301F-11D3-BF4B-00C04F79EFBC}") = "tss-process-server-core-test", "tests\tss-process-server-core-test\tss-process-server-core-test.csproj", "{18B53465-5432-4318-9F88-CD32E29AE1C3}"
EndProject
Project("{FAE04EC0-301F-11D3-BF4B-00C04F79EFBC}") = "tss-process-test-common", "tests\tss-process-test-common\tss-process-test-common.csproj", "{E0B2BB98-90C9-42ED-8CEE-564D75402A5E}"
EndProject
Global
	GlobalSection(SolutionConfigurationPlatforms) = preSolution
		Debug|Any CPU = Debug|Any CPU
		Debug|x64 = Debug|x64
		Debug|x86 = Debug|x86
		Release|Any CPU = Release|Any CPU
		Release|x64 = Release|x64
		Release|x86 = Release|x86
	EndGlobalSection
	GlobalSection(SolutionProperties) = preSolution
		HideSolutionNode = FALSE
	EndGlobalSection
	GlobalSection(ProjectConfigurationPlatforms) = postSolution
		{33A24657-CBB8-4DD2-8CD9-7588CD84F2C5}.Debug|Any CPU.ActiveCfg = Debug|Any CPU
		{33A24657-CBB8-4DD2-8CD9-7588CD84F2C5}.Debug|Any CPU.Build.0 = Debug|Any CPU
		{33A24657-CBB8-4DD2-8CD9-7588CD84F2C5}.Debug|x64.ActiveCfg = Debug|Any CPU
		{33A24657-CBB8-4DD2-8CD9-7588CD84F2C5}.Debug|x64.Build.0 = Debug|Any CPU
		{33A24657-CBB8-4DD2-8CD9-7588CD84F2C5}.Debug|x86.ActiveCfg = Debug|Any CPU
		{33A24657-CBB8-4DD2-8CD9-7588CD84F2C5}.Debug|x86.Build.0 = Debug|Any CPU
		{33A24657-CBB8-4DD2-8CD9-7588CD84F2C5}.Release|Any CPU.ActiveCfg = Release|Any CPU
		{33A24657-CBB8-4DD2-8CD9-7588CD84F2C5}.Release|Any CPU.Build.0 = Release|Any CPU
		{33A24657-CBB8-4DD2-8CD9-7588CD84F2C5}.Release|x64.ActiveCfg = Release|Any CPU
		{33A24657-CBB8-4DD2-8CD9-7588CD84F2C5}.Release|x64.Build.0 = Release|Any CPU
		{33A24657-CBB8-4DD2-8CD9-7588CD84F2C5}.Release|x86.ActiveCfg = Release|Any CPU
		{33A24657-CBB8-4DD2-8CD9-7588CD84F2C5}.Release|x86.Build.0 = Release|Any CPU
		{4957EC92-52DB-4656-B157-3AA9B6B09F39}.Debug|Any CPU.ActiveCfg = Debug|Any CPU
		{4957EC92-52DB-4656-B157-3AA9B6B09F39}.Debug|Any CPU.Build.0 = Debug|Any CPU
		{4957EC92-52DB-4656-B157-3AA9B6B09F39}.Debug|x64.ActiveCfg = Debug|Any CPU
		{4957EC92-52DB-4656-B157-3AA9B6B09F39}.Debug|x64.Build.0 = Debug|Any CPU
		{4957EC92-52DB-4656-B157-3AA9B6B09F39}.Debug|x86.ActiveCfg = Debug|Any CPU
		{4957EC92-52DB-4656-B157-3AA9B6B09F39}.Debug|x86.Build.0 = Debug|Any CPU
		{4957EC92-52DB-4656-B157-3AA9B6B09F39}.Release|Any CPU.ActiveCfg = Release|Any CPU
		{4957EC92-52DB-4656-B157-3AA9B6B09F39}.Release|Any CPU.Build.0 = Release|Any CPU
		{4957EC92-52DB-4656-B157-3AA9B6B09F39}.Release|x64.ActiveCfg = Release|Any CPU
		{4957EC92-52DB-4656-B157-3AA9B6B09F39}.Release|x64.Build.0 = Release|Any CPU
		{4957EC92-52DB-4656-B157-3AA9B6B09F39}.Release|x86.ActiveCfg = Release|Any CPU
		{4957EC92-52DB-4656-B157-3AA9B6B09F39}.Release|x86.Build.0 = Release|Any CPU
		{E78CB412-0E62-4C78-9608-1E66BB1DBCBF}.Debug|Any CPU.ActiveCfg = Debug|Any CPU
		{E78CB412-0E62-4C78-9608-1E66BB1DBCBF}.Debug|Any CPU.Build.0 = Debug|Any CPU
		{E78CB412-0E62-4C78-9608-1E66BB1DBCBF}.Debug|x64.ActiveCfg = Debug|Any CPU
		{E78CB412-0E62-4C78-9608-1E66BB1DBCBF}.Debug|x64.Build.0 = Debug|Any CPU
		{E78CB412-0E62-4C78-9608-1E66BB1DBCBF}.Debug|x86.ActiveCfg = Debug|Any CPU
		{E78CB412-0E62-4C78-9608-1E66BB1DBCBF}.Debug|x86.Build.0 = Debug|Any CPU
		{E78CB412-0E62-4C78-9608-1E66BB1DBCBF}.Release|Any CPU.ActiveCfg = Release|Any CPU
		{E78CB412-0E62-4C78-9608-1E66BB1DBCBF}.Release|Any CPU.Build.0 = Release|Any CPU
		{E78CB412-0E62-4C78-9608-1E66BB1DBCBF}.Release|x64.ActiveCfg = Release|Any CPU
		{E78CB412-0E62-4C78-9608-1E66BB1DBCBF}.Release|x64.Build.0 = Release|Any CPU
		{E78CB412-0E62-4C78-9608-1E66BB1DBCBF}.Release|x86.ActiveCfg = Release|Any CPU
		{E78CB412-0E62-4C78-9608-1E66BB1DBCBF}.Release|x86.Build.0 = Release|Any CPU
		{4F795D8F-4BCD-4123-B827-914C2639B9B4}.Debug|Any CPU.ActiveCfg = Debug|Any CPU
		{4F795D8F-4BCD-4123-B827-914C2639B9B4}.Debug|Any CPU.Build.0 = Debug|Any CPU
		{4F795D8F-4BCD-4123-B827-914C2639B9B4}.Debug|x64.ActiveCfg = Debug|Any CPU
		{4F795D8F-4BCD-4123-B827-914C2639B9B4}.Debug|x64.Build.0 = Debug|Any CPU
		{4F795D8F-4BCD-4123-B827-914C2639B9B4}.Debug|x86.ActiveCfg = Debug|Any CPU
		{4F795D8F-4BCD-4123-B827-914C2639B9B4}.Debug|x86.Build.0 = Debug|Any CPU
		{4F795D8F-4BCD-4123-B827-914C2639B9B4}.Release|Any CPU.ActiveCfg = Release|Any CPU
		{4F795D8F-4BCD-4123-B827-914C2639B9B4}.Release|Any CPU.Build.0 = Release|Any CPU
		{4F795D8F-4BCD-4123-B827-914C2639B9B4}.Release|x64.ActiveCfg = Release|Any CPU
		{4F795D8F-4BCD-4123-B827-914C2639B9B4}.Release|x64.Build.0 = Release|Any CPU
		{4F795D8F-4BCD-4123-B827-914C2639B9B4}.Release|x86.ActiveCfg = Release|Any CPU
		{4F795D8F-4BCD-4123-B827-914C2639B9B4}.Release|x86.Build.0 = Release|Any CPU
		{C0406AB9-BDC8-488B-93F9-BF8E5680B361}.Debug|Any CPU.ActiveCfg = Debug|Any CPU
		{C0406AB9-BDC8-488B-93F9-BF8E5680B361}.Debug|Any CPU.Build.0 = Debug|Any CPU
		{C0406AB9-BDC8-488B-93F9-BF8E5680B361}.Debug|x64.ActiveCfg = Debug|Any CPU
		{C0406AB9-BDC8-488B-93F9-BF8E5680B361}.Debug|x64.Build.0 = Debug|Any CPU
		{C0406AB9-BDC8-488B-93F9-BF8E5680B361}.Debug|x86.ActiveCfg = Debug|Any CPU
		{C0406AB9-BDC8-488B-93F9-BF8E5680B361}.Debug|x86.Build.0 = Debug|Any CPU
		{C0406AB9-BDC8-488B-93F9-BF8E5680B361}.Release|Any CPU.ActiveCfg = Release|Any CPU
		{C0406AB9-BDC8-488B-93F9-BF8E5680B361}.Release|Any CPU.Build.0 = Release|Any CPU
		{C0406AB9-BDC8-488B-93F9-BF8E5680B361}.Release|x64.ActiveCfg = Release|Any CPU
		{C0406AB9-BDC8-488B-93F9-BF8E5680B361}.Release|x64.Build.0 = Release|Any CPU
		{C0406AB9-BDC8-488B-93F9-BF8E5680B361}.Release|x86.ActiveCfg = Release|Any CPU
		{C0406AB9-BDC8-488B-93F9-BF8E5680B361}.Release|x86.Build.0 = Release|Any CPU
		{5D130A22-E9E6-4C36-A027-97657E32A830}.Debug|Any CPU.ActiveCfg = Debug|Any CPU
		{5D130A22-E9E6-4C36-A027-97657E32A830}.Debug|Any CPU.Build.0 = Debug|Any CPU
		{5D130A22-E9E6-4C36-A027-97657E32A830}.Debug|x64.ActiveCfg = Debug|Any CPU
		{5D130A22-E9E6-4C36-A027-97657E32A830}.Debug|x64.Build.0 = Debug|Any CPU
		{5D130A22-E9E6-4C36-A027-97657E32A830}.Debug|x86.ActiveCfg = Debug|Any CPU
		{5D130A22-E9E6-4C36-A027-97657E32A830}.Debug|x86.Build.0 = Debug|Any CPU
		{5D130A22-E9E6-4C36-A027-97657E32A830}.Release|Any CPU.ActiveCfg = Release|Any CPU
		{5D130A22-E9E6-4C36-A027-97657E32A830}.Release|Any CPU.Build.0 = Release|Any CPU
		{5D130A22-E9E6-4C36-A027-97657E32A830}.Release|x64.ActiveCfg = Release|Any CPU
		{5D130A22-E9E6-4C36-A027-97657E32A830}.Release|x64.Build.0 = Release|Any CPU
		{5D130A22-E9E6-4C36-A027-97657E32A830}.Release|x86.ActiveCfg = Release|Any CPU
		{5D130A22-E9E6-4C36-A027-97657E32A830}.Release|x86.Build.0 = Release|Any CPU
		{99E31784-B24D-49A3-BAE1-B59FEFECC971}.Debug|Any CPU.ActiveCfg = Debug|Any CPU
		{99E31784-B24D-49A3-BAE1-B59FEFECC971}.Debug|Any CPU.Build.0 = Debug|Any CPU
		{99E31784-B24D-49A3-BAE1-B59FEFECC971}.Debug|x64.ActiveCfg = Debug|Any CPU
		{99E31784-B24D-49A3-BAE1-B59FEFECC971}.Debug|x64.Build.0 = Debug|Any CPU
		{99E31784-B24D-49A3-BAE1-B59FEFECC971}.Debug|x86.ActiveCfg = Debug|Any CPU
		{99E31784-B24D-49A3-BAE1-B59FEFECC971}.Debug|x86.Build.0 = Debug|Any CPU
		{99E31784-B24D-49A3-BAE1-B59FEFECC971}.Release|Any CPU.ActiveCfg = Release|Any CPU
		{99E31784-B24D-49A3-BAE1-B59FEFECC971}.Release|Any CPU.Build.0 = Release|Any CPU
		{99E31784-B24D-49A3-BAE1-B59FEFECC971}.Release|x64.ActiveCfg = Release|Any CPU
		{99E31784-B24D-49A3-BAE1-B59FEFECC971}.Release|x64.Build.0 = Release|Any CPU
		{99E31784-B24D-49A3-BAE1-B59FEFECC971}.Release|x86.ActiveCfg = Release|Any CPU
		{99E31784-B24D-49A3-BAE1-B59FEFECC971}.Release|x86.Build.0 = Release|Any CPU
		{18B53465-5432-4318-9F88-CD32E29AE1C3}.Debug|Any CPU.ActiveCfg = Debug|Any CPU
		{18B53465-5432-4318-9F88-CD32E29AE1C3}.Debug|Any CPU.Build.0 = Debug|Any CPU
		{18B53465-5432-4318-9F88-CD32E29AE1C3}.Debug|x64.ActiveCfg = Debug|Any CPU
		{18B53465-5432-4318-9F88-CD32E29AE1C3}.Debug|x64.Build.0 = Debug|Any CPU
		{18B53465-5432-4318-9F88-CD32E29AE1C3}.Debug|x86.ActiveCfg = Debug|Any CPU
		{18B53465-5432-4318-9F88-CD32E29AE1C3}.Debug|x86.Build.0 = Debug|Any CPU
		{18B53465-5432-4318-9F88-CD32E29AE1C3}.Release|Any CPU.ActiveCfg = Release|Any CPU
		{18B53465-5432-4318-9F88-CD32E29AE1C3}.Release|Any CPU.Build.0 = Release|Any CPU
		{18B53465-5432-4318-9F88-CD32E29AE1C3}.Release|x64.ActiveCfg = Release|Any CPU
		{18B53465-5432-4318-9F88-CD32E29AE1C3}.Release|x64.Build.0 = Release|Any CPU
		{18B53465-5432-4318-9F88-CD32E29AE1C3}.Release|x86.ActiveCfg = Release|Any CPU
		{18B53465-5432-4318-9F88-CD32E29AE1C3}.Release|x86.Build.0 = Release|Any CPU
		{E0B2BB98-90C9-42ED-8CEE-564D75402A5E}.Debug|Any CPU.ActiveCfg = Debug|Any CPU
		{E0B2BB98-90C9-42ED-8CEE-564D75402A5E}.Debug|Any CPU.Build.0 = Debug|Any CPU
		{E0B2BB98-90C9-42ED-8CEE-564D75402A5E}.Debug|x64.ActiveCfg = Debug|Any CPU
		{E0B2BB98-90C9-42ED-8CEE-564D75402A5E}.Debug|x64.Build.0 = Debug|Any CPU
		{E0B2BB98-90C9-42ED-8CEE-564D75402A5E}.Debug|x86.ActiveCfg = Debug|Any CPU
		{E0B2BB98-90C9-42ED-8CEE-564D75402A5E}.Debug|x86.Build.0 = Debug|Any CPU
		{E0B2BB98-90C9-42ED-8CEE-564D75402A5E}.Release|Any CPU.ActiveCfg = Release|Any CPU
		{E0B2BB98-90C9-42ED-8CEE-564D75402A5E}.Release|Any CPU.Build.0 = Release|Any CPU
		{E0B2BB98-90C9-42ED-8CEE-564D75402A5E}.Release|x64.ActiveCfg = Release|Any CPU
		{E0B2BB98-90C9-42ED-8CEE-564D75402A5E}.Release|x64.Build.0 = Release|Any CPU
		{E0B2BB98-90C9-42ED-8CEE-564D75402A5E}.Release|x86.ActiveCfg = Release|Any CPU
		{E0B2BB98-90C9-42ED-8CEE-564D75402A5E}.Release|x86.Build.0 = Release|Any CPU
	EndGlobalSection
	GlobalSection(NestedProjects) = preSolution
		{E78CB412-0E62-4C78-9608-1E66BB1DBCBF} = {ADAA41F2-BB14-49A8-B78E-4133A700EDDF}
		{18B53465-5432-4318-9F88-CD32E29AE1C3} = {ADAA41F2-BB14-49A8-B78E-4133A700EDDF}
		{E0B2BB98-90C9-42ED-8CEE-564D75402A5E} = {ADAA41F2-BB14-49A8-B78E-4133A700EDDF}
	EndGlobalSection
EndGlobal
